{
    "_readme": [
        "This file locks the dependencies of your project to a known state",
        "Read more about it at https://getcomposer.org/doc/01-basic-usage.md#installing-dependencies",
        "This file is @generated automatically"
    ],
    "content-hash": "53a18f1742f38a44adf6c358b544603c",
    "packages": [
        {
            "name": "hassankhan/config",
            "version": "v2.1.0",
            "source": {
                "type": "git",
                "url": "https://github.com/hassankhan/config.git",
                "reference": "16fa4d3320ac9bb611dda0c8ea980edb58d227c9"
            },
            "dist": {
                "type": "zip",
                "url": "https://api.github.com/repos/hassankhan/config/zipball/16fa4d3320ac9bb611dda0c8ea980edb58d227c9",
                "reference": "16fa4d3320ac9bb611dda0c8ea980edb58d227c9",
                "shasum": ""
            },
            "require": {
                "php": ">=5.5.9"
            },
            "require-dev": {
                "phpunit/phpunit": "~4.8 || ~5.7 || ~6.5 || ~7.5",
                "scrutinizer/ocular": "~1.1",
                "squizlabs/php_codesniffer": "~2.2",
                "symfony/yaml": "~3.4"
            },
            "suggest": {
                "symfony/yaml": "~3.4"
            },
            "type": "library",
            "autoload": {
                "psr-4": {
                    "Noodlehaus\\": "src"
                }
            },
            "notification-url": "https://packagist.org/downloads/",
            "license": [
                "MIT"
            ],
            "authors": [
                {
                    "name": "Hassan Khan",
                    "homepage": "http://hassankhan.me/",
                    "role": "Developer"
                }
            ],
            "description": "Lightweight configuration file loader that supports PHP, INI, XML, JSON, and YAML files",
            "homepage": "http://hassankhan.me/config/",
            "keywords": [
                "config",
                "configuration",
                "ini",
                "json",
                "microphp",
                "unframework",
                "xml",
                "yaml",
                "yml"
            ],
            "time": "2019-09-01T15:51:42+00:00"
        },
        {
            "name": "mix/bean",
            "version": "v2.1.3",
            "source": {
                "type": "git",
                "url": "https://github.com/mix-php/bean.git",
                "reference": "a490483b351f9b338e1dd267ede4bf8697173320"
            },
            "dist": {
                "type": "zip",
                "url": "https://api.github.com/repos/mix-php/bean/zipball/a490483b351f9b338e1dd267ede4bf8697173320",
                "reference": "a490483b351f9b338e1dd267ede4bf8697173320",
                "shasum": ""
            },
            "require": {
                "php": ">=7.0.0",
                "php-di/phpdoc-reader": "~2.1",
                "psr/container": "~1.0"
            },
            "type": "framework",
            "autoload": {
                "psr-4": {
                    "Mix\\Bean\\": "src/"
                }
            },
            "notification-url": "https://packagist.org/downloads/",
            "license": [
                "Apache-2.0"
            ],
            "authors": [
                {
                    "name": "liu,jian",
                    "email": "coder.keda@gmail.com"
                }
            ],
            "description": "Mix Bean http://www.mixphp.cn",
            "homepage": "http://www.mixphp.cn/",
            "keywords": [
                "framework",
                "mix",
                "swoole"
            ],
            "time": "2020-01-03T02:52:21+00:00"
        },
        {
            "name": "mix/concurrent",
            "version": "v2.1.0",
            "source": {
                "type": "git",
                "url": "https://github.com/mix-php/concurrent.git",
                "reference": "382f7b529b1c98f3a37799165d50ece794c86a6e"
            },
            "dist": {
                "type": "zip",
                "url": "https://api.github.com/repos/mix-php/concurrent/zipball/382f7b529b1c98f3a37799165d50ece794c86a6e",
                "reference": "382f7b529b1c98f3a37799165d50ece794c86a6e",
                "shasum": ""
            },
            "require": {
                "mix/bean": "~2.1.0",
                "php": ">=7.0.0"
            },
            "type": "framework",
            "autoload": {
                "psr-4": {
                    "Mix\\Concurrent\\": "src/"
                },
                "files": [
                    "src/functions.php"
                ]
            },
            "notification-url": "https://packagist.org/downloads/",
            "license": [
                "Apache-2.0"
            ],
            "authors": [
                {
                    "name": "liu,jian",
                    "email": "coder.keda@gmail.com"
                }
            ],
            "description": "Mix Concurrent http://www.mixphp.cn",
            "homepage": "http://www.mixphp.cn/",
            "keywords": [
                "framework",
                "mix",
                "swoole"
            ],
            "time": "2019-12-05T02:59:56+00:00"
        },
        {
            "name": "mix/console",
            "version": "v2.1.6",
            "source": {
                "type": "git",
                "url": "https://github.com/mix-php/console.git",
                "reference": "43ea2749801960b4bd95733956507e822a17ad15"
            },
            "dist": {
                "type": "zip",
                "url": "https://api.github.com/repos/mix-php/console/zipball/43ea2749801960b4bd95733956507e822a17ad15",
                "reference": "43ea2749801960b4bd95733956507e822a17ad15",
                "shasum": ""
            },
            "require": {
                "mix/bean": "~2.1.0",
                "php": ">=7.0.0",
                "psr/event-dispatcher": "^1.0",
                "psr/log": "~1.0"
            },
            "type": "framework",
            "autoload": {
                "psr-4": {
                    "Mix\\Console\\": "src/"
                },
                "classmap": [
                    "src/Mix.php"
                ],
                "files": [
                    "src/functions.php"
                ]
            },
            "notification-url": "https://packagist.org/downloads/",
            "license": [
                "Apache-2.0"
            ],
            "authors": [
                {
                    "name": "liu,jian",
                    "email": "coder.keda@gmail.com"
                }
            ],
            "description": "Mix Console http://www.mixphp.cn",
            "homepage": "http://www.mixphp.cn/",
            "keywords": [
                "framework",
                "mix",
                "swoole"
            ],
            "time": "2020-01-06T11:28:25+00:00"
        },
        {
            "name": "mix/database",
            "version": "v2.1.2",
            "source": {
                "type": "git",
                "url": "https://github.com/mix-php/database.git",
                "reference": "4aa9373ec9d2e54050bfe0afc98e4a04b16d3e08"
            },
            "dist": {
                "type": "zip",
                "url": "https://api.github.com/repos/mix-php/database/zipball/4aa9373ec9d2e54050bfe0afc98e4a04b16d3e08",
                "reference": "4aa9373ec9d2e54050bfe0afc98e4a04b16d3e08",
                "shasum": ""
            },
            "require": {
                "ext-pdo": "*",
                "mix/bean": "~2.1.0",
                "mix/pool": "~2.1.0",
                "php": ">=7.0.0",
                "psr/event-dispatcher": "^1.0"
            },
            "require-dev": {
                "phpunit/phpunit": "^8"
            },
            "type": "framework",
            "autoload": {
                "psr-4": {
                    "Mix\\Database\\": "src/"
                }
            },
            "notification-url": "https://packagist.org/downloads/",
            "license": [
                "Apache-2.0"
            ],
            "authors": [
                {
                    "name": "liu,jian",
                    "email": "coder.keda@gmail.com"
                }
            ],
            "description": "Mix Database http://www.mixphp.cn",
            "homepage": "http://www.mixphp.cn/",
            "keywords": [
                "framework",
                "mix",
                "swoole"
            ],
            "time": "2019-12-12T11:50:35+00:00"
        },
        {
            "name": "mix/event",
            "version": "v2.1.0",
            "source": {
                "type": "git",
                "url": "https://github.com/mix-php/event.git",
                "reference": "77e7eadcf743d32675c9298a1e3e7392c7a18a07"
            },
            "dist": {
                "type": "zip",
                "url": "https://api.github.com/repos/mix-php/event/zipball/77e7eadcf743d32675c9298a1e3e7392c7a18a07",
                "reference": "77e7eadcf743d32675c9298a1e3e7392c7a18a07",
                "shasum": ""
            },
            "require": {
                "php": ">=7.2.0",
                "psr/event-dispatcher": "^1.0"
            },
            "type": "framework",
            "autoload": {
                "psr-4": {
                    "Mix\\Event\\": "src/"
                }
            },
            "notification-url": "https://packagist.org/downloads/",
            "license": [
                "Apache-2.0"
            ],
            "authors": [
                {
                    "name": "liu,jian",
                    "email": "coder.keda@gmail.com"
                }
            ],
            "description": "Mix Event http://www.mixphp.cn",
            "homepage": "http://www.mixphp.cn/",
            "keywords": [
                "framework",
                "mix",
                "swoole"
            ],
            "time": "2019-10-10T11:21:52+00:00"
        },
        {
            "name": "mix/helper",
            "version": "v2.1.1",
            "source": {
                "type": "git",
                "url": "https://github.com/mix-php/helper.git",
                "reference": "88a26e1d114827e69fbf71865092414386876f3b"
            },
            "dist": {
                "type": "zip",
                "url": "https://api.github.com/repos/mix-php/helper/zipball/88a26e1d114827e69fbf71865092414386876f3b",
                "reference": "88a26e1d114827e69fbf71865092414386876f3b",
                "shasum": ""
            },
            "require": {
                "ext-json": "*",
                "php": ">=7.0.0"
            },
            "type": "framework",
            "autoload": {
                "psr-4": {
                    "Mix\\Helper\\": "src/"
                }
            },
            "notification-url": "https://packagist.org/downloads/",
            "license": [
                "Apache-2.0"
            ],
            "authors": [
                {
                    "name": "liu,jian",
                    "email": "coder.keda@gmail.com"
                }
            ],
            "description": "Mix Helper http://www.mixphp.cn",
            "homepage": "http://www.mixphp.cn/",
            "keywords": [
                "framework",
                "mix",
                "swoole"
            ],
            "time": "2019-12-06T17:08:26+00:00"
        },
        {
            "name": "mix/log",
            "version": "v2.1.2",
            "source": {
                "type": "git",
                "url": "https://github.com/mix-php/log.git",
                "reference": "c4b1221755de46efcc490f8bd8d762a9229653b3"
            },
            "dist": {
                "type": "zip",
                "url": "https://api.github.com/repos/mix-php/log/zipball/c4b1221755de46efcc490f8bd8d762a9229653b3",
                "reference": "c4b1221755de46efcc490f8bd8d762a9229653b3",
                "shasum": ""
            },
            "require": {
                "mix/bean": "~2.1.0",
                "php": ">=7.0.0",
                "psr/log": "~1.0"
            },
            "type": "framework",
            "autoload": {
                "psr-4": {
                    "Mix\\Log\\": "src/"
                }
            },
            "notification-url": "https://packagist.org/downloads/",
            "license": [
                "Apache-2.0"
            ],
            "authors": [
                {
                    "name": "liu,jian",
                    "email": "coder.keda@gmail.com"
                }
            ],
            "description": "Mix Log http://www.mixphp.cn",
            "homepage": "http://www.mixphp.cn/",
            "keywords": [
                "framework",
                "mix",
                "swoole"
            ],
            "time": "2019-12-17T11:15:57+00:00"
        },
        {
            "name": "mix/pool",
            "version": "v2.1.3",
            "source": {
                "type": "git",
                "url": "https://github.com/mix-php/pool.git",
                "reference": "99cfd5b482f44a9572d200adc2275e0e4a805a7f"
            },
            "dist": {
                "type": "zip",
                "url": "https://api.github.com/repos/mix-php/pool/zipball/99cfd5b482f44a9572d200adc2275e0e4a805a7f",
                "reference": "99cfd5b482f44a9572d200adc2275e0e4a805a7f",
                "shasum": ""
            },
            "require": {
                "mix/bean": "~2.1.0",
                "mix/concurrent": "~2.1.0",
                "php": ">=7.0.0",
                "psr/event-dispatcher": "^1.0"
            },
            "type": "framework",
            "autoload": {
                "psr-4": {
                    "Mix\\Pool\\": "src/"
                }
            },
            "notification-url": "https://packagist.org/downloads/",
            "license": [
                "Apache-2.0"
            ],
            "authors": [
                {
                    "name": "liu,jian",
                    "email": "coder.keda@gmail.com"
                }
            ],
            "description": "Mix Pool http://www.mixphp.cn",
            "homepage": "http://www.mixphp.cn/",
            "keywords": [
                "framework",
                "mix",
                "swoole"
            ],
            "time": "2020-01-10T06:13:01+00:00"
        },
        {
            "name": "mix/redis",
            "version": "v2.1.2",
            "source": {
                "type": "git",
                "url": "https://github.com/mix-php/redis.git",
                "reference": "c8c8c11b85ebf41434c37b88e3534e06e438c2eb"
            },
            "dist": {
                "type": "zip",
                "url": "https://api.github.com/repos/mix-php/redis/zipball/c8c8c11b85ebf41434c37b88e3534e06e438c2eb",
                "reference": "c8c8c11b85ebf41434c37b88e3534e06e438c2eb",
                "shasum": ""
            },
            "require": {
                "ext-redis": "*",
                "mix/bean": "~2.1.0",
                "mix/pool": "~2.1.0",
                "php": ">=7.0.0",
                "psr/event-dispatcher": "^1.0"
            },
            "type": "framework",
            "autoload": {
                "psr-4": {
                    "Mix\\Redis\\": "src/"
                }
            },
            "notification-url": "https://packagist.org/downloads/",
            "license": [
                "Apache-2.0"
            ],
            "authors": [
                {
                    "name": "liu,jian",
                    "email": "coder.keda@gmail.com"
                }
            ],
            "description": "Mix Redis http://www.mixphp.cn",
            "homepage": "http://www.mixphp.cn/",
            "keywords": [
                "framework",
                "mix",
                "swoole"
            ],
            "time": "2019-12-12T11:51:31+00:00"
        },
        {
            "name": "mix/validate",
            "version": "v2.1.1",
            "source": {
                "type": "git",
                "url": "https://github.com/mix-php/validate.git",
                "reference": "b22b72d1dacfd3e9a1e6af7e8fc694a941387d79"
            },
            "dist": {
                "type": "zip",
                "url": "https://api.github.com/repos/mix-php/validate/zipball/b22b72d1dacfd3e9a1e6af7e8fc694a941387d79",
                "reference": "b22b72d1dacfd3e9a1e6af7e8fc694a941387d79",
                "shasum": ""
            },
            "require": {
                "ext-mbstring": "*",
                "mix/bean": "~2.1.0",
                "php": ">=7.0.0",
                "psr/http-message": "^1.0"
            },
            "type": "framework",
            "autoload": {
                "psr-4": {
                    "Mix\\Validate\\": "src/"
                }
            },
            "notification-url": "https://packagist.org/downloads/",
            "license": [
                "Apache-2.0"
            ],
            "authors": [
                {
                    "name": "liu,jian",
                    "email": "coder.keda@gmail.com"
                }
            ],
            "description": "Mix Validate http://www.mixphp.cn",
            "homepage": "http://www.mixphp.cn/",
            "keywords": [
                "framework",
                "mix",
                "swoole"
            ],
            "time": "2019-12-16T09:39:32+00:00"
        },
        {
            "name": "php-di/phpdoc-reader",
            "version": "2.1.1",
            "source": {
                "type": "git",
                "url": "https://github.com/PHP-DI/PhpDocReader.git",
                "reference": "15678f7451c020226807f520efb867ad26fbbfcf"
            },
            "dist": {
                "type": "zip",
                "url": "https://api.github.com/repos/PHP-DI/PhpDocReader/zipball/15678f7451c020226807f520efb867ad26fbbfcf",
                "reference": "15678f7451c020226807f520efb867ad26fbbfcf",
                "shasum": ""
            },
            "require": {
                "php": ">=5.4.0"
            },
            "require-dev": {
                "phpunit/phpunit": "~4.6"
            },
            "type": "library",
            "autoload": {
                "psr-4": {
                    "PhpDocReader\\": "src/PhpDocReader"
                }
            },
            "notification-url": "https://packagist.org/downloads/",
            "license": [
                "MIT"
            ],
            "description": "PhpDocReader parses @var and @param values in PHP docblocks (supports namespaced class names with the same resolution rules as PHP)",
            "keywords": [
                "phpdoc",
                "reflection"
            ],
            "time": "2019-09-26T11:24:58+00:00"
        },
        {
            "name": "psr/container",
            "version": "1.0.0",
            "source": {
                "type": "git",
                "url": "https://github.com/php-fig/container.git",
                "reference": "b7ce3b176482dbbc1245ebf52b181af44c2cf55f"
            },
            "dist": {
                "type": "zip",
                "url": "https://api.github.com/repos/php-fig/container/zipball/b7ce3b176482dbbc1245ebf52b181af44c2cf55f",
                "reference": "b7ce3b176482dbbc1245ebf52b181af44c2cf55f",
                "shasum": ""
            },
            "require": {
                "php": ">=5.3.0"
            },
            "type": "library",
            "extra": {
                "branch-alias": {
                    "dev-master": "1.0.x-dev"
                }
            },
            "autoload": {
                "psr-4": {
                    "Psr\\Container\\": "src/"
                }
            },
            "notification-url": "https://packagist.org/downloads/",
            "license": [
                "MIT"
            ],
            "authors": [
                {
                    "name": "PHP-FIG",
                    "homepage": "http://www.php-fig.org/"
                }
            ],
            "description": "Common Container Interface (PHP FIG PSR-11)",
            "homepage": "https://github.com/php-fig/container",
            "keywords": [
                "PSR-11",
                "container",
                "container-interface",
                "container-interop",
                "psr"
            ],
            "time": "2017-02-14T16:28:37+00:00"
        },
        {
            "name": "psr/event-dispatcher",
            "version": "1.0.0",
            "source": {
                "type": "git",
                "url": "https://github.com/php-fig/event-dispatcher.git",
                "reference": "dbefd12671e8a14ec7f180cab83036ed26714bb0"
            },
            "dist": {
                "type": "zip",
                "url": "https://api.github.com/repos/php-fig/event-dispatcher/zipball/dbefd12671e8a14ec7f180cab83036ed26714bb0",
                "reference": "dbefd12671e8a14ec7f180cab83036ed26714bb0",
                "shasum": ""
            },
            "require": {
                "php": ">=7.2.0"
            },
            "type": "library",
            "extra": {
                "branch-alias": {
                    "dev-master": "1.0.x-dev"
                }
            },
            "autoload": {
                "psr-4": {
                    "Psr\\EventDispatcher\\": "src/"
                }
            },
            "notification-url": "https://packagist.org/downloads/",
            "license": [
                "MIT"
            ],
            "authors": [
                {
                    "name": "PHP-FIG",
                    "homepage": "http://www.php-fig.org/"
                }
            ],
            "description": "Standard interfaces for event handling.",
            "keywords": [
                "events",
                "psr",
                "psr-14"
            ],
            "time": "2019-01-08T18:20:26+00:00"
        },
        {
            "name": "psr/http-message",
            "version": "1.0.1",
            "source": {
                "type": "git",
                "url": "https://github.com/php-fig/http-message.git",
                "reference": "f6561bf28d520154e4b0ec72be95418abe6d9363"
            },
            "dist": {
                "type": "zip",
                "url": "https://api.github.com/repos/php-fig/http-message/zipball/f6561bf28d520154e4b0ec72be95418abe6d9363",
                "reference": "f6561bf28d520154e4b0ec72be95418abe6d9363",
                "shasum": ""
            },
            "require": {
                "php": ">=5.3.0"
            },
            "type": "library",
            "extra": {
                "branch-alias": {
                    "dev-master": "1.0.x-dev"
                }
            },
            "autoload": {
                "psr-4": {
                    "Psr\\Http\\Message\\": "src/"
                }
            },
            "notification-url": "https://packagist.org/downloads/",
            "license": [
                "MIT"
            ],
            "authors": [
                {
                    "name": "PHP-FIG",
                    "homepage": "http://www.php-fig.org/"
                }
            ],
            "description": "Common interface for HTTP messages",
            "homepage": "https://github.com/php-fig/http-message",
            "keywords": [
                "http",
                "http-message",
                "psr",
                "psr-7",
                "request",
                "response"
            ],
            "time": "2016-08-06T14:39:51+00:00"
        },
        {
            "name": "psr/log",
            "version": "1.1.2",
            "source": {
                "type": "git",
                "url": "https://github.com/php-fig/log.git",
                "reference": "446d54b4cb6bf489fc9d75f55843658e6f25d801"
            },
            "dist": {
                "type": "zip",
                "url": "https://api.github.com/repos/php-fig/log/zipball/446d54b4cb6bf489fc9d75f55843658e6f25d801",
                "reference": "446d54b4cb6bf489fc9d75f55843658e6f25d801",
                "shasum": ""
            },
            "require": {
                "php": ">=5.3.0"
            },
            "type": "library",
            "extra": {
                "branch-alias": {
                    "dev-master": "1.1.x-dev"
                }
            },
            "autoload": {
                "psr-4": {
                    "Psr\\Log\\": "Psr/Log/"
                }
            },
            "notification-url": "https://packagist.org/downloads/",
            "license": [
                "MIT"
            ],
            "authors": [
                {
                    "name": "PHP-FIG",
                    "homepage": "http://www.php-fig.org/"
                }
            ],
            "description": "Common interface for logging libraries",
            "homepage": "https://github.com/php-fig/log",
            "keywords": [
                "log",
                "psr",
                "psr-3"
            ],
            "time": "2019-11-01T11:05:21+00:00"
        }
    ],
    "packages-dev": [
        {
            "name": "swoole/ide-helper",
            "version": "dev-master",
            "source": {
                "type": "git",
                "url": "https://github.com/swoole/ide-helper.git",
                "reference": "98d9a66eb4aea757d7c7bcf666da28412a664fb9"
            },
            "dist": {
                "type": "zip",
                "url": "https://api.github.com/repos/swoole/ide-helper/zipball/98d9a66eb4aea757d7c7bcf666da28412a664fb9",
                "reference": "98d9a66eb4aea757d7c7bcf666da28412a664fb9",
                "shasum": ""
            },
            "require-dev": {
                "guzzlehttp/guzzle": "~6.5.0",
                "squizlabs/php_codesniffer": "~3.5.0",
                "symfony/filesystem": "~4.3.0",
                "zendframework/zend-code": "~3.3.0"
            },
            "type": "library",
            "notification-url": "https://packagist.org/downloads/",
            "license": [
                "Apache-2.0"
            ],
            "authors": [
                {
                    "name": "Team Swoole",
                    "email": "team@swoole.com"
                }
            ],
            "description": "IDE help files for Swoole.",
            "time": "2020-01-12T05:35:57+00:00"
        }
    ],
    "aliases": [],
    "minimum-stability": "stable",
    "stability-flags": {
        "swoole/ide-helper": 20
    },
    "prefer-stable": false,
    "prefer-lowest": false,
    "platform": {
        "php": ">=7.2.0"
    },
    "platform-dev": []
}
